// !$*UTF8*$!
{
	archiveVersion = 1;
	classes = {
	};
	objectVersion = 46;
	objects = {

/* Begin PBXBuildFile section */
		0B1523001F17B4AE0098742A /* AppDelegate.swift in Sources */ = {isa = PBXBuildFile; fileRef = 0B1522FF1F17B4AE0098742A /* AppDelegate.swift */; };
		0B1523021F17B4AE0098742A /* ViewController.swift in Sources */ = {isa = PBXBuildFile; fileRef = 0B1523011F17B4AE0098742A /* ViewController.swift */; };
		0B1523051F17B4AE0098742A /* Main.storyboard in Resources */ = {isa = PBXBuildFile; fileRef = 0B1523031F17B4AE0098742A /* Main.storyboard */; };
		0B1523071F17B4AE0098742A /* Assets.xcassets in Resources */ = {isa = PBXBuildFile; fileRef = 0B1523061F17B4AE0098742A /* Assets.xcassets */; };
		0B15230A1F17B4AE0098742A /* LaunchScreen.storyboard in Resources */ = {isa = PBXBuildFile; fileRef = 0B1523081F17B4AE0098742A /* LaunchScreen.storyboard */; };
/* End PBXBuildFile section */

/* Begin PBXFileReference section */
		0B1522FC1F17B4AE0098742A /* BreakfastGenerator.app */ = {isa = PBXFileReference; explicitFileType = wrapper.application; includeInIndex = 0; path = BreakfastGenerator.app; sourceTree = BUILT_PRODUCTS_DIR; };
		0B1522FF1F17B4AE0098742A /* AppDelegate.swift */ = {isa = PBXFileReference; lastKnownFileType = sourcecode.swift; path = AppDelegate.swift; sourceTree = "<group>"; };
		0B1523011F17B4AE0098742A /* ViewController.swift */ = {isa = PBXFileReference; lastKnownFileType = sourcecode.swift; path = ViewController.swift; sourceTree = "<group>"; };
		0B1523041F17B4AE0098742A /* Base */ = {isa = PBXFileReference; lastKnownFileType = file.storyboard; name = Base; path = Base.lproj/Main.storyboard; sourceTree = "<group>"; };
		0B1523061F17B4AE0098742A /* Assets.xcassets */ = {isa = PBXFileReference; lastKnownFileType = folder.assetcatalog; path = Assets.xcassets; sourceTree = "<group>"; };
		0B1523091F17B4AE0098742A /* Base */ = {isa = PBXFileReference; lastKnownFileType = file.storyboard; name = Base; path = Base.lproj/LaunchScreen.storyboard; sourceTree = "<group>"; };
		0B15230B1F17B4AE0098742A /* Info.plist */ = {isa = PBXFileReference; lastKnownFileType = text.plist.xml; path = Info.plist; sourceTree = "<group>"; };
/* End PBXFileReference section */

/* Begin PBXFrameworksBuildPhase section */
		0B1522F91F17B4AE0098742A /* Frameworks */ = {
			isa = PBXFrameworksBuildPhase;
			buildActionMask = 2147483647;
			files = (
			);
			runOnlyForDeploymentPostprocessing = 0;
		};
/* End PBXFrameworksBuildPhase section */

/* Begin PBXGroup section */
		0B1522F31F17B4AE0098742A = {
			isa = PBXGroup;
			children = (
				0B1522FE1F17B4AE0098742A /* BreakfastGenerator */,
				0B1522FD1F17B4AE0098742A /* Products */,
			);
			sourceTree = "<group>";
		};
		0B1522FD1F17B4AE0098742A /* Products */ = {
			isa = PBXGroup;
			children = (
				0B1522FC1F17B4AE0098742A /* BreakfastGenerator.app */,
			);
			name = Products;
			sourceTree = "<group>";
		};
		0B1522FE1F17B4AE0098742A /* BreakfastGenerator */ = {
			isa = PBXGroup;
			children = (
				0B1522FF1F17B4AE0098742A /* AppDelegate.swift */,
				0B1523111F17B4BC0098742A /* Controllers */,
				0B1523031F17B4AE0098742A /* Main.storyboard */,
				0B1523061F17B4AE0098742A /* Assets.xcassets */,
				0B1523081F17B4AE0098742A /* LaunchScreen.storyboard */,
				0B15230B1F17B4AE0098742A /* Info.plist */,
			);
			path = BreakfastGenerator;
			sourceTree = "<group>";
		};
		0B1523111F17B4BC0098742A /* Controllers */ = {
			isa = PBXGroup;
			children = (
				0B1523011F17B4AE0098742A /* ViewController.swift */,
			);
			name = Controllers;
			sourceTree = "<group>";
		};
/* End PBXGroup section */

/* Begin PBXNativeTarget section */
		0B1522FB1F17B4AE0098742A /* BreakfastGenerator */ = {
			isa = PBXNativeTarget;
			buildConfigurationList = 0B15230E1F17B4AE0098742A /* Build configuration list for PBXNativeTarget "BreakfastGenerator" */;
			buildPhases = (
				0B1522F81F17B4AE0098742A /* Sources */,
				0B1522F91F17B4AE0098742A /* Frameworks */,
				0B1522FA1F17B4AE0098742A /* Resources */,
			);
			buildRules = (
			);
			dependencies = (
			);
			name = BreakfastGenerator;
			productName = BreakfastGenerator;
			productReference = 0B1522FC1F17B4AE0098742A /* BreakfastGenerator.app */;
			productType = "com.apple.product-type.application";
		};
/* End PBXNativeTarget section */

/* Begin PBXProject section */
		0B1522F41F17B4AE0098742A /* Project object */ = {
			isa = PBXProject;
			attributes = {
				LastSwiftUpdateCheck = 0830;
				LastUpgradeCheck = 0830;
				ORGANIZATIONNAME = "Make School";
				TargetAttributes = {
					0B1522FB1F17B4AE0098742A = {
						CreatedOnToolsVersion = 8.3.3;
						ProvisioningStyle = Automatic;
					};
				};
			};
			buildConfigurationList = 0B1522F71F17B4AE0098742A /* Build configuration list for PBXProject "BreakfastGenerator" */;
			compatibilityVersion = "Xcode 3.2";
			developmentRegion = English;
			hasScannedForEncodings = 0;
			knownRegions = (
				en,
				Base,
			);
			mainGroup = 0B1522F31F17B4AE0098742A;
			productRefGroup = 0B1522FD1F17B4AE0098742A /* Products */;
			projectDirPath = "";
			projectRoot = "";
			targets = (
				0B1522FB1F17B4AE0098742A /* BreakfastGenerator */,
			);
		};
/* End PBXProject section */

/* Begin PBXResourcesBuildPhase section */
		0B1522FA1F17B4AE0098742A /* Resources */ = {
			isa = PBXResourcesBuildPhase;
			buildActionMask = 2147483647;
			files = (
				0B15230A1F17B4AE0098742A /* LaunchScreen.storyboard in Resources */,
				0B1523071F17B4AE0098742A /* Assets.xcassets in Resources */,
				0B1523051F17B4AE0098742A /* Main.storyboard in Resources */,
			);
			runOnlyForDeploymentPostprocessing = 0;
		};
/* End PBXResourcesBuildPhase section */

/* Begin PBXSourcesBuildPhase section */
		0B1522F81F17B4AE0098742A /* Sources */ = {
			isa = PBXSourcesBuildPhase;
			buildActionMask = 2147483647;
			files = (
				0B1523021F17B4AE0098742A /* ViewController.swift in Sources */,
				0B1523001F17B4AE0098742A /* AppDelegate.swift in Sources */,
			);
			runOnlyForDeploymentPostprocessing = 0;
		};
/* End PBXSourcesBuildPhase section */

/* Begin PBXVariantGroup section */
		0B1523031F17B4AE0098742A /* Main.storyboard */ = {
			isa = PBXVariantGroup;
			children = (
				0B1523041F17B4AE0098742A /* Base */,
			);
			name = Main.storyboard;
			sourceTree = "<group>";
		};
		0B1523081F17B4AE0098742A /* LaunchScreen.storyboard */ = {
			isa = PBXVariantGroup;
			children = (
				0B1523091F17B4AE0098742A /* Base */,
			);
			name = LaunchScreen.storyboard;
			sourceTree = "<group>";
		};
/* End PBXVariantGroup section */

/* Begin XCBuildConfiguration section */
		0B15230C1F17B4AE0098742A /* Debug */ = {
			isa = XCBuildConfiguration;
			buildSettings = {
				ALWAYS_SEARCH_USER_PATHS = NO;
				CLANG_ANALYZER_NONNULL = YES;
				CLANG_ANALYZER_NUMBER_OBJECT_CONVERSION = YES_AGGRESSIVE;
				CLANG_CXX_LANGUAGE_STANDARD = "gnu++0x";
				CLANG_CXX_LIBRARY = "libc++";
				CLANG_ENABLE_MODULES = YES;
				CLANG_ENABLE_OBJC_ARC = YES;
				CLANG_WARN_BOOL_CONVERSION = YES;
				CLANG_WARN_CONSTANT_CONVERSION = YES;
				CLANG_WARN_DIRECT_OBJC_ISA_USAGE = YES_ERROR;
				CLANG_WARN_DOCUMENTATION_COMMENTS = YES;
				CLANG_WARN_EMPTY_BODY = YES;
				CLANG_WARN_ENUM_CONVERSION = YES;
				CLANG_WARN_INFINITE_RECURSION = YES;
				CLANG_WARN_INT_CONVERSION = YES;
				CLANG_WARN_OBJC_ROOT_CLASS = YES_ERROR;
				CLANG_WARN_SUSPICIOUS_MOVE = YES;
				CLANG_WARN_UNREACHABLE_CODE = YES;
				CLANG_WARN__DUPLICATE_METHOD_MATCH = YES;
				"CODE_SIGN_IDENTITY[sdk=iphoneos*]" = "iPhone Developer";
				COPY_PHASE_STRIP = NO;
				DEBUG_INFORMATION_FORMAT = dwarf;
				ENABLE_STRICT_OBJC_MSGSEND = YES;
				ENABLE_TESTABILITY = YES;
				GCC_C_LANGUAGE_STANDARD = gnu99;
				GCC_DYNAMIC_NO_PIC = NO;
				GCC_NO_COMMON_BLOCKS = YES;
				GCC_OPTIMIZATION_LEVEL = 0;
				GCC_PREPROCESSOR_DEFINITIONS = (
					"DEBUG=1",
					"$(inherited)",
				);
				GCC_WARN_64_TO_32_BIT_CONVERSION = YES;
				GCC_WARN_ABOUT_RETURN_TYPE = YES_ERROR;
				GCC_WARN_UNDECLARED_SELECTOR = YES;
				GCC_WARN_UNINITIALIZED_AUTOS = YES_AGGRESSIVE;
				GCC_WARN_UNUSED_FUNCTION = YES;
				GCC_WARN_UNUSED_VARIABLE = YES;
				IPHONEOS_DEPLOYMENT_TARGET = 10.3;
				MTL_ENABLE_DEBUG_INFO = YES;
				ONLY_ACTIVE_ARCH = YES;
				SDKROOT = iphoneos;
				SWIFT_ACTIVE_COMPILATION_CONDITIONS = DEBUG;
				SWIFT_OPTIMIZATION_LEVEL = "-Onone";
			};
			name = Debug;
		};
		0B15230D1F17B4AE0098742A /* Release */ = {
			isa = XCBuildConfiguration;
			buildSettings = {
				ALWAYS_SEARCH_USER_PATHS = NO;
				CLANG_ANALYZER_NONNULL = YES;
				CLANG_ANALYZER_NUMBER_OBJECT_CONVERSION = YES_AGGRESSIVE;
				CLANG_CXX_LANGUAGE_STANDARD = "gnu++0x";
				CLANG_CXX_LIBRARY = "libc++";
				CLANG_ENABLE_MODULES = YES;
				CLANG_ENABLE_OBJC_ARC = YES;
				CLANG_WARN_BOOL_CONVERSION = YES;
				CLANG_WARN_CONSTANT_CONVERSION = YES;
				CLANG_WARN_DIRECT_OBJC_ISA_USAGE = YES_ERROR;
				CLANG_WARN_DOCUMENTATION_COMMENTS = YES;
				CLANG_WARN_EMPTY_BODY = YES;
				CLANG_WARN_ENUM_CONVERSION = YES;
				CLANG_WARN_INFINITE_RECURSION = YES;
				CLANG_WARN_INT_CONVERSION = YES;
				CLANG_WARN_OBJC_ROOT_CLASS = YES_ERROR;
				CLANG_WARN_SUSPICIOUS_MOVE = YES;
				CLANG_WARN_UNREACHABLE_CODE = YES;
				CLANG_WARN__DUPLICATE_METHOD_MATCH = YES;
				"CODE_SIGN_IDENTITY[sdk=iphoneos*]" = "iPhone Developer";
				COPY_PHASE_STRIP = NO;
				DEBUG_INFORMATION_FORMAT = "dwarf-with-dsym";
				ENABLE_NS_ASSERTIONS = NO;
				ENABLE_STRICT_OBJC_MSGSEND = YES;
				GCC_C_LANGUAGE_STANDARD = gnu99;
				GCC_NO_COMMON_BLOCKS = YES;
				GCC_WARN_64_TO_32_BIT_CONVERSION = YES;
				GCC_WARN_ABOUT_RETURN_TYPE = YES_ERROR;
				GCC_WARN_UNDECLARED_SELECTOR = YES;
				GCC_WARN_UNINITIALIZED_AUTOS = YES_AGGRESSIVE;
				GCC_WARN_UNUSED_FUNCTION = YES;
				GCC_WARN_UNUSED_VARIABLE = YES;
				IPHONEOS_DEPLOYMENT_TARGET = 10.3;
				MTL_ENABLE_DEBUG_INFO = NO;
				SDKROOT = iphoneos;
				SWIFT_OPTIMIZATION_LEVEL = "-Owholemodule";
				VALIDATE_PRODUCT = YES;
			};
			name = Release;
		};
		0B15230F1F17B4AE0098742A /* Debug */ = {
			isa = XCBuildConfiguration;
			buildSettings = {
				ASSETCATALOG_COMPILER_APPICON_NAME = AppIcon;
				INFOPLIST_FILE = BreakfastGenerator/Info.plist;
				LD_RUNPATH_SEARCH_PATHS = "$(inherited) @executable_path/Frameworks";
				PRODUCT_BUNDLE_IDENTIFIER = "com.makeschool.tambre-hu.BreakfastGenerator";
				PRODUCT_NAME = "$(TARGET_NAME)";
				SWIFT_VERSION = 3.0;
			};
			name = Debug;
		};
		0B1523101F17B4AE0098742A /* Release */ = {
			isa = XCBuildConfiguration;
			buildSettings = {
				ASSETCATALOG_COMPILER_APPICON_NAME = AppIcon;
				INFOPLIST_FILE = BreakfastGenerator/Info.plist;
				LD_RUNPATH_SEARCH_PATHS = "$(inherited) @executable_path/Frameworks";
				PRODUCT_BUNDLE_IDENTIFIER = "com.makeschool.tambre-hu.BreakfastGenerator";
				PRODUCT_NAME = "$(TARGET_NAME)";
				SWIFT_VERSION = 3.0;
			};
			name = Release;
		};
/* End XCBuildConfiguration section */

/* Begin XCConfigurationList section */
		0B1522F71F17B4AE0098742A /* Build configuration list for PBXProject "BreakfastGenerator" */ = {
			isa = XCConfigurationList;
			buildConfigurations = (
				0B15230C1F17B4AE0098742A /* Debug */,
				0B15230D1F17B4AE0098742A /* Release */,
			);
			defaultConfigurationIsVisible = 0;
			defaultConfigurationName = Release;
		};
		0B15230E1F17B4AE0098742A /* Build configuration list for PBXNativeTarget "BreakfastGenerator" */ = {
			isa = XCConfigurationList;
			buildConfigurations = (
				0B15230F1F17B4AE0098742A /* Debug */,
				0B1523101F17B4AE0098742A /* Release */,
			);
			defaultConfigurationIsVisible = 0;
		};
/* End XCConfigurationList section */
	};
	rootObject = 0B1522F41F17B4AE0098742A /* Project object */;
}
